
Microsoft Visual Studio Solution File, Format Version 12.00
# Visual Studio Version 17
VisualStudioVersion = 17.10.35122.118
MinimumVisualStudioVersion = 10.0.40219.1
Project("{FAE04EC0-301F-11D3-BF4B-00C04F79EFBC}") = "Avatar_Challenge", "Avatar_Challenge.csproj", "{7E9D1AD6-7741-4327-BEB1-D0E8588F588F}"
EndProject
Global
	GlobalSection(SolutionConfigurationPlatforms) = preSolution
		Debug|Any CPU = Debug|Any CPU
		Release|Any CPU = Release|Any CPU
	EndGlobalSection
	GlobalSection(ProjectConfigurationPlatforms) = postSolution
		{7E9D1AD6-7741-4327-BEB1-D0E8588F588F}.Debug|Any CPU.ActiveCfg = Debug|Any CPU
		{7E9D1AD6-7741-4327-BEB1-D0E8588F588F}.Debug|Any CPU.Build.0 = Debug|Any CPU
		{7E9D1AD6-7741-4327-BEB1-D0E8588F588F}.Release|Any CPU.ActiveCfg = Release|Any CPU
		{7E9D1AD6-7741-4327-BEB1-D0E8588F588F}.Release|Any CPU.Build.0 = Release|Any CPU
	EndGlobalSection
	GlobalSection(SolutionProperties) = preSolution
		HideSolutionNode = FALSE
	EndGlobalSection
	GlobalSection(ExtensibilityGlobals) = postSolution
		SolutionGuid = {780607F6-2602-436A-BD0B-FBAB19BE115C}
	EndGlobalSection
EndGlobal
